
Microsoft Visual Studio Solution File, Format Version 12.00
# Visual Studio Version 17
VisualStudioVersion = 17.7.34202.233
MinimumVisualStudioVersion = 10.0.40219.1
Project("{FAE04EC0-301F-11D3-BF4B-00C04F79EFBC}") = "Practica1_modulo2", "Practica1_modulo2\Practica1_modulo2.csproj", "{55387993-3811-4BBF-8ADC-FAFBCF13205A}"
EndProject
Global
	GlobalSection(SolutionConfigurationPlatforms) = preSolution
		Debug|Any CPU = Debug|Any CPU
		Release|Any CPU = Release|Any CPU
	EndGlobalSection
	GlobalSection(ProjectConfigurationPlatforms) = postSolution
		{55387993-3811-4BBF-8ADC-FAFBCF13205A}.Debug|Any CPU.ActiveCfg = Debug|Any CPU
		{55387993-3811-4BBF-8ADC-FAFBCF13205A}.Debug|Any CPU.Build.0 = Debug|Any CPU
		{55387993-3811-4BBF-8ADC-FAFBCF13205A}.Release|Any CPU.ActiveCfg = Release|Any CPU
		{55387993-3811-4BBF-8ADC-FAFBCF13205A}.Release|Any CPU.Build.0 = Release|Any CPU
	EndGlobalSection
	GlobalSection(SolutionProperties) = preSolution
		HideSolutionNode = FALSE
	EndGlobalSection
	GlobalSection(ExtensibilityGlobals) = postSolution
		SolutionGuid = {3146D36E-DABE-4A51-A6CF-46B90C1C7059}
	EndGlobalSection
EndGlobal
